
Microsoft Visual Studio Solution File, Format Version 12.00
# Visual Studio Version 17
VisualStudioVersion = 17.4.33205.214
MinimumVisualStudioVersion = 10.0.40219.1
Project("{888888A0-9F3D-457C-B088-3A5042F75D52}") = "mustrid2", "mustrid2\mustrid2.pyproj", "{0BB4741B-630C-4883-8135-D756AD8B9BD7}"
EndProject
Global
	GlobalSection(SolutionConfigurationPlatforms) = preSolution
		Debug|Any CPU = Debug|Any CPU
		Release|Any CPU = Release|Any CPU
	EndGlobalSection
	GlobalSection(ProjectConfigurationPlatforms) = postSolution
		{0BB4741B-630C-4883-8135-D756AD8B9BD7}.Debug|Any CPU.ActiveCfg = Debug|Any CPU
		{0BB4741B-630C-4883-8135-D756AD8B9BD7}.Release|Any CPU.ActiveCfg = Release|Any CPU
	EndGlobalSection
	GlobalSection(SolutionProperties) = preSolution
		HideSolutionNode = FALSE
	EndGlobalSection
	GlobalSection(ExtensibilityGlobals) = postSolution
		SolutionGuid = {3F4CF26C-A59C-4F36-866D-1BC0B91E5A15}
	EndGlobalSection
EndGlobal
